
Microsoft Visual Studio Solution File, Format Version 12.00
# Visual Studio 15
VisualStudioVersion = 15.0.26124.0
MinimumVisualStudioVersion = 15.0.26124.0
Project("{FAE04EC0-301F-11D3-BF4B-00C04F79EFBC}") = "API", "API\API.csproj", "{3B20AB57-AA4F-4FC8-A490-497FA038809D}"
EndProject
Project("{FAE04EC0-301F-11D3-BF4B-00C04F79EFBC}") = "core", "core\core.csproj", "{4C78E0E3-DB4C-4F15-8DC2-9B0987745952}"
EndProject
Project("{FAE04EC0-301F-11D3-BF4B-00C04F79EFBC}") = "Infrastructure", "Infrastructure\Infrastructure.csproj", "{1B7D1BC4-1FCB-45CE-A4C9-32D9F83CB9E6}"
EndProject
Global
	GlobalSection(SolutionConfigurationPlatforms) = preSolution
		Debug|Any CPU = Debug|Any CPU
		Debug|x64 = Debug|x64
		Debug|x86 = Debug|x86
		Release|Any CPU = Release|Any CPU
		Release|x64 = Release|x64
		Release|x86 = Release|x86
	EndGlobalSection
	GlobalSection(SolutionProperties) = preSolution
		HideSolutionNode = FALSE
	EndGlobalSection
	GlobalSection(ProjectConfigurationPlatforms) = postSolution
		{3B20AB57-AA4F-4FC8-A490-497FA038809D}.Debug|Any CPU.ActiveCfg = Debug|Any CPU
		{3B20AB57-AA4F-4FC8-A490-497FA038809D}.Debug|Any CPU.Build.0 = Debug|Any CPU
		{3B20AB57-AA4F-4FC8-A490-497FA038809D}.Debug|x64.ActiveCfg = Debug|Any CPU
		{3B20AB57-AA4F-4FC8-A490-497FA038809D}.Debug|x64.Build.0 = Debug|Any CPU
		{3B20AB57-AA4F-4FC8-A490-497FA038809D}.Debug|x86.ActiveCfg = Debug|Any CPU
		{3B20AB57-AA4F-4FC8-A490-497FA038809D}.Debug|x86.Build.0 = Debug|Any CPU
		{3B20AB57-AA4F-4FC8-A490-497FA038809D}.Release|Any CPU.ActiveCfg = Release|Any CPU
		{3B20AB57-AA4F-4FC8-A490-497FA038809D}.Release|Any CPU.Build.0 = Release|Any CPU
		{3B20AB57-AA4F-4FC8-A490-497FA038809D}.Release|x64.ActiveCfg = Release|Any CPU
		{3B20AB57-AA4F-4FC8-A490-497FA038809D}.Release|x64.Build.0 = Release|Any CPU
		{3B20AB57-AA4F-4FC8-A490-497FA038809D}.Release|x86.ActiveCfg = Release|Any CPU
		{3B20AB57-AA4F-4FC8-A490-497FA038809D}.Release|x86.Build.0 = Release|Any CPU
		{4C78E0E3-DB4C-4F15-8DC2-9B0987745952}.Debug|Any CPU.ActiveCfg = Debug|Any CPU
		{4C78E0E3-DB4C-4F15-8DC2-9B0987745952}.Debug|Any CPU.Build.0 = Debug|Any CPU
		{4C78E0E3-DB4C-4F15-8DC2-9B0987745952}.Debug|x64.ActiveCfg = Debug|Any CPU
		{4C78E0E3-DB4C-4F15-8DC2-9B0987745952}.Debug|x64.Build.0 = Debug|Any CPU
		{4C78E0E3-DB4C-4F15-8DC2-9B0987745952}.Debug|x86.ActiveCfg = Debug|Any CPU
		{4C78E0E3-DB4C-4F15-8DC2-9B0987745952}.Debug|x86.Build.0 = Debug|Any CPU
		{4C78E0E3-DB4C-4F15-8DC2-9B0987745952}.Release|Any CPU.ActiveCfg = Release|Any CPU
		{4C78E0E3-DB4C-4F15-8DC2-9B0987745952}.Release|Any CPU.Build.0 = Release|Any CPU
		{4C78E0E3-DB4C-4F15-8DC2-9B0987745952}.Release|x64.ActiveCfg = Release|Any CPU
		{4C78E0E3-DB4C-4F15-8DC2-9B0987745952}.Release|x64.Build.0 = Release|Any CPU
		{4C78E0E3-DB4C-4F15-8DC2-9B0987745952}.Release|x86.ActiveCfg = Release|Any CPU
		{4C78E0E3-DB4C-4F15-8DC2-9B0987745952}.Release|x86.Build.0 = Release|Any CPU
		{1B7D1BC4-1FCB-45CE-A4C9-32D9F83CB9E6}.Debug|Any CPU.ActiveCfg = Debug|Any CPU
		{1B7D1BC4-1FCB-45CE-A4C9-32D9F83CB9E6}.Debug|Any CPU.Build.0 = Debug|Any CPU
		{1B7D1BC4-1FCB-45CE-A4C9-32D9F83CB9E6}.Debug|x64.ActiveCfg = Debug|Any CPU
		{1B7D1BC4-1FCB-45CE-A4C9-32D9F83CB9E6}.Debug|x64.Build.0 = Debug|Any CPU
		{1B7D1BC4-1FCB-45CE-A4C9-32D9F83CB9E6}.Debug|x86.ActiveCfg = Debug|Any CPU
		{1B7D1BC4-1FCB-45CE-A4C9-32D9F83CB9E6}.Debug|x86.Build.0 = Debug|Any CPU
		{1B7D1BC4-1FCB-45CE-A4C9-32D9F83CB9E6}.Release|Any CPU.ActiveCfg = Release|Any CPU
		{1B7D1BC4-1FCB-45CE-A4C9-32D9F83CB9E6}.Release|Any CPU.Build.0 = Release|Any CPU
		{1B7D1BC4-1FCB-45CE-A4C9-32D9F83CB9E6}.Release|x64.ActiveCfg = Release|Any CPU
		{1B7D1BC4-1FCB-45CE-A4C9-32D9F83CB9E6}.Release|x64.Build.0 = Release|Any CPU
		{1B7D1BC4-1FCB-45CE-A4C9-32D9F83CB9E6}.Release|x86.ActiveCfg = Release|Any CPU
		{1B7D1BC4-1FCB-45CE-A4C9-32D9F83CB9E6}.Release|x86.Build.0 = Release|Any CPU
	EndGlobalSection
EndGlobal
